
Microsoft Visual Studio Solution File, Format Version 12.00
# Visual Studio Version 16
VisualStudioVersion = 16.0.30611.23
MinimumVisualStudioVersion = 10.0.40219.1
Project("{9A19103F-16F7-4668-BE54-9A1E7A4F7556}") = "PlayMusic", "PlayMusic\PlayMusic.csproj", "{6C61B8F7-AEBB-4D09-A216-FF3B291AEE85}"
EndProject
Project("{FAE04EC0-301F-11D3-BF4B-00C04F79EFBC}") = "WebPlayMusic", "WebPlayMusic\WebPlayMusic.csproj", "{EB5F14AD-45C7-4C24-9448-357097F84B18}"
EndProject
Global
	GlobalSection(SolutionConfigurationPlatforms) = preSolution
		Debug|Any CPU = Debug|Any CPU
		Release|Any CPU = Release|Any CPU
	EndGlobalSection
	GlobalSection(ProjectConfigurationPlatforms) = postSolution
		{6C61B8F7-AEBB-4D09-A216-FF3B291AEE85}.Debug|Any CPU.ActiveCfg = Debug|Any CPU
		{6C61B8F7-AEBB-4D09-A216-FF3B291AEE85}.Debug|Any CPU.Build.0 = Debug|Any CPU
		{6C61B8F7-AEBB-4D09-A216-FF3B291AEE85}.Release|Any CPU.ActiveCfg = Release|Any CPU
		{6C61B8F7-AEBB-4D09-A216-FF3B291AEE85}.Release|Any CPU.Build.0 = Release|Any CPU
		{EB5F14AD-45C7-4C24-9448-357097F84B18}.Debug|Any CPU.ActiveCfg = Debug|Any CPU
		{EB5F14AD-45C7-4C24-9448-357097F84B18}.Debug|Any CPU.Build.0 = Debug|Any CPU
		{EB5F14AD-45C7-4C24-9448-357097F84B18}.Release|Any CPU.ActiveCfg = Release|Any CPU
		{EB5F14AD-45C7-4C24-9448-357097F84B18}.Release|Any CPU.Build.0 = Release|Any CPU
	EndGlobalSection
	GlobalSection(SolutionProperties) = preSolution
		HideSolutionNode = FALSE
	EndGlobalSection
	GlobalSection(ExtensibilityGlobals) = postSolution
		SolutionGuid = {C45CAF37-A140-4D36-9ABB-C8ECD1F39774}
	EndGlobalSection
EndGlobal
